
Microsoft Visual Studio Solution File, Format Version 12.00
# Visual Studio Version 17
VisualStudioVersion = 17.3.32901.215
MinimumVisualStudioVersion = 10.0.40219.1
Project("{FAE04EC0-301F-11D3-BF4B-00C04F79EFBC}") = "Project GitHub", "Project GitHub.csproj", "{24A8DEE5-4BA2-4DC9-819B-79A50FD0FF84}"
EndProject
Global
	GlobalSection(SolutionConfigurationPlatforms) = preSolution
		Debug|Any CPU = Debug|Any CPU
		Release|Any CPU = Release|Any CPU
	EndGlobalSection
	GlobalSection(ProjectConfigurationPlatforms) = postSolution
		{24A8DEE5-4BA2-4DC9-819B-79A50FD0FF84}.Debug|Any CPU.ActiveCfg = Debug|Any CPU
		{24A8DEE5-4BA2-4DC9-819B-79A50FD0FF84}.Debug|Any CPU.Build.0 = Debug|Any CPU
		{24A8DEE5-4BA2-4DC9-819B-79A50FD0FF84}.Release|Any CPU.ActiveCfg = Release|Any CPU
		{24A8DEE5-4BA2-4DC9-819B-79A50FD0FF84}.Release|Any CPU.Build.0 = Release|Any CPU
	EndGlobalSection
	GlobalSection(SolutionProperties) = preSolution
		HideSolutionNode = FALSE
	EndGlobalSection
	GlobalSection(ExtensibilityGlobals) = postSolution
		SolutionGuid = {463AED14-D7BD-47B0-86DB-6A8641DC754C}
	EndGlobalSection
EndGlobal
